
Microsoft Visual Studio Solution File, Format Version 12.00
# Visual Studio Version 17
VisualStudioVersion = 17.12.35514.174 d17.12
MinimumVisualStudioVersion = 10.0.40219.1
Project("{FAE04EC0-301F-11D3-BF4B-00C04F79EFBC}") = "server", "server\server.csproj", "{75C89CBC-74D7-4D45-8261-F3CC60541224}"
EndProject
Global
	GlobalSection(SolutionConfigurationPlatforms) = preSolution
		Debug|Any CPU = Debug|Any CPU
		Release|Any CPU = Release|Any CPU
	EndGlobalSection
	GlobalSection(ProjectConfigurationPlatforms) = postSolution
		{75C89CBC-74D7-4D45-8261-F3CC60541224}.Debug|Any CPU.ActiveCfg = Debug|Any CPU
		{75C89CBC-74D7-4D45-8261-F3CC60541224}.Debug|Any CPU.Build.0 = Debug|Any CPU
		{75C89CBC-74D7-4D45-8261-F3CC60541224}.Release|Any CPU.ActiveCfg = Release|Any CPU
		{75C89CBC-74D7-4D45-8261-F3CC60541224}.Release|Any CPU.Build.0 = Release|Any CPU
	EndGlobalSection
	GlobalSection(SolutionProperties) = preSolution
		HideSolutionNode = FALSE
	EndGlobalSection
EndGlobal
